
Microsoft Visual Studio Solution File, Format Version 12.00
# Visual Studio Version 17
VisualStudioVersion = 17.7.34009.444
MinimumVisualStudioVersion = 10.0.40219.1
Project("{FAE04EC0-301F-11D3-BF4B-00C04F79EFBC}") = "Tulen_Dennis", "Tulen_Dennis\Tulen_Dennis.csproj", "{A7C33FCB-C1A7-4F3B-8BDD-E35813CEA796}"
EndProject
Global
	GlobalSection(SolutionConfigurationPlatforms) = preSolution
		Debug|Any CPU = Debug|Any CPU
		Release|Any CPU = Release|Any CPU
	EndGlobalSection
	GlobalSection(ProjectConfigurationPlatforms) = postSolution
		{A7C33FCB-C1A7-4F3B-8BDD-E35813CEA796}.Debug|Any CPU.ActiveCfg = Debug|Any CPU
		{A7C33FCB-C1A7-4F3B-8BDD-E35813CEA796}.Debug|Any CPU.Build.0 = Debug|Any CPU
		{A7C33FCB-C1A7-4F3B-8BDD-E35813CEA796}.Release|Any CPU.ActiveCfg = Release|Any CPU
		{A7C33FCB-C1A7-4F3B-8BDD-E35813CEA796}.Release|Any CPU.Build.0 = Release|Any CPU
	EndGlobalSection
	GlobalSection(SolutionProperties) = preSolution
		HideSolutionNode = FALSE
	EndGlobalSection
	GlobalSection(ExtensibilityGlobals) = postSolution
		SolutionGuid = {2FE115B6-1693-4D69-B018-6BD8B948A41D}
	EndGlobalSection
EndGlobal
